
Microsoft Visual Studio Solution File, Format Version 12.00
# Visual Studio 15
VisualStudioVersion = 15.0.27004.2005
MinimumVisualStudioVersion = 10.0.40219.1
Project("{FAE04EC0-301F-11D3-BF4B-00C04F79EFBC}") = "Bait Car", "Bait Car\Bait Car.csproj", "{A5EEE79C-DCA1-46E6-B747-59AE425402F9}"
EndProject
Global
	GlobalSection(SolutionConfigurationPlatforms) = preSolution
		Debug|Any CPU = Debug|Any CPU
		Release|Any CPU = Release|Any CPU
	EndGlobalSection
	GlobalSection(ProjectConfigurationPlatforms) = postSolution
		{A5EEE79C-DCA1-46E6-B747-59AE425402F9}.Debug|Any CPU.ActiveCfg = Debug|Any CPU
		{A5EEE79C-DCA1-46E6-B747-59AE425402F9}.Debug|Any CPU.Build.0 = Debug|Any CPU
		{A5EEE79C-DCA1-46E6-B747-59AE425402F9}.Release|Any CPU.ActiveCfg = Release|Any CPU
		{A5EEE79C-DCA1-46E6-B747-59AE425402F9}.Release|Any CPU.Build.0 = Release|Any CPU
	EndGlobalSection
	GlobalSection(SolutionProperties) = preSolution
		HideSolutionNode = FALSE
	EndGlobalSection
	GlobalSection(ExtensibilityGlobals) = postSolution
		SolutionGuid = {B50E5123-7397-4CFA-B5B6-9D327AC944E9}
	EndGlobalSection
EndGlobal
